
Microsoft Visual Studio Solution File, Format Version 12.00
# Visual Studio Version 16
VisualStudioVersion = 16.0.31019.35
MinimumVisualStudioVersion = 10.0.40219.1
Project("{FAE04EC0-301F-11D3-BF4B-00C04F79EFBC}") = "NicoleLuzano.ThirdQuarterlyAssessment", "NicoleLuzano.ThirdQuarterlyAssessment\NicoleLuzano.ThirdQuarterlyAssessment.csproj", "{299ECEFE-032C-4444-AD6D-68A28FEC9BA7}"
EndProject
Global
	GlobalSection(SolutionConfigurationPlatforms) = preSolution
		Debug|Any CPU = Debug|Any CPU
		Release|Any CPU = Release|Any CPU
	EndGlobalSection
	GlobalSection(ProjectConfigurationPlatforms) = postSolution
		{299ECEFE-032C-4444-AD6D-68A28FEC9BA7}.Debug|Any CPU.ActiveCfg = Debug|Any CPU
		{299ECEFE-032C-4444-AD6D-68A28FEC9BA7}.Debug|Any CPU.Build.0 = Debug|Any CPU
		{299ECEFE-032C-4444-AD6D-68A28FEC9BA7}.Release|Any CPU.ActiveCfg = Release|Any CPU
		{299ECEFE-032C-4444-AD6D-68A28FEC9BA7}.Release|Any CPU.Build.0 = Release|Any CPU
	EndGlobalSection
	GlobalSection(SolutionProperties) = preSolution
		HideSolutionNode = FALSE
	EndGlobalSection
	GlobalSection(ExtensibilityGlobals) = postSolution
		SolutionGuid = {EFE18664-8A36-4D6A-9755-66CED2948777}
	EndGlobalSection
EndGlobal
